
Microsoft Visual Studio Solution File, Format Version 12.00
# Visual Studio 15
VisualStudioVersion = 15.0.26730.16
MinimumVisualStudioVersion = 10.0.40219.1
Project("{FAE04EC0-301F-11D3-BF4B-00C04F79EFBC}") = "TLChecker", "TLChecker\TLChecker.csproj", "{6FEC347C-87FF-490E-9060-F45AAA79EC1D}"
EndProject
Global
	GlobalSection(SolutionConfigurationPlatforms) = preSolution
		Debug|Any CPU = Debug|Any CPU
		Release|Any CPU = Release|Any CPU
	EndGlobalSection
	GlobalSection(ProjectConfigurationPlatforms) = postSolution
		{6FEC347C-87FF-490E-9060-F45AAA79EC1D}.Debug|Any CPU.ActiveCfg = Debug|Any CPU
		{6FEC347C-87FF-490E-9060-F45AAA79EC1D}.Debug|Any CPU.Build.0 = Debug|Any CPU
		{6FEC347C-87FF-490E-9060-F45AAA79EC1D}.Release|Any CPU.ActiveCfg = Release|Any CPU
		{6FEC347C-87FF-490E-9060-F45AAA79EC1D}.Release|Any CPU.Build.0 = Release|Any CPU
	EndGlobalSection
	GlobalSection(SolutionProperties) = preSolution
		HideSolutionNode = FALSE
	EndGlobalSection
	GlobalSection(ExtensibilityGlobals) = postSolution
		SolutionGuid = {94A7EEEB-48F5-473B-8A82-018E6962FFD2}
	EndGlobalSection
EndGlobal
